
Microsoft Visual Studio Solution File, Format Version 12.00
# Visual Studio Version 17
VisualStudioVersion = 17.14.36202.13 d17.14
MinimumVisualStudioVersion = 10.0.40219.1
Project("{FAE04EC0-301F-11D3-BF4B-00C04F79EFBC}") = "CodeExplainer", "CodeExplainer.csproj", "{1AF99A05-BC66-3B22-3874-452858597104}"
EndProject
Global
	GlobalSection(SolutionConfigurationPlatforms) = preSolution
		Debug|Any CPU = Debug|Any CPU
		Release|Any CPU = Release|Any CPU
	EndGlobalSection
	GlobalSection(ProjectConfigurationPlatforms) = postSolution
		{1AF99A05-BC66-3B22-3874-452858597104}.Debug|Any CPU.ActiveCfg = Debug|Any CPU
		{1AF99A05-BC66-3B22-3874-452858597104}.Debug|Any CPU.Build.0 = Debug|Any CPU
		{1AF99A05-BC66-3B22-3874-452858597104}.Release|Any CPU.ActiveCfg = Release|Any CPU
		{1AF99A05-BC66-3B22-3874-452858597104}.Release|Any CPU.Build.0 = Release|Any CPU
	EndGlobalSection
	GlobalSection(SolutionProperties) = preSolution
		HideSolutionNode = FALSE
	EndGlobalSection
	GlobalSection(ExtensibilityGlobals) = postSolution
		SolutionGuid = {CB56CE4B-EC32-4A24-9A3B-815AAC9E8043}
	EndGlobalSection
EndGlobal
