
Microsoft Visual Studio Solution File, Format Version 12.00
# Visual Studio Version 17
VisualStudioVersion = 17.14.36202.13 d17.14
MinimumVisualStudioVersion = 10.0.40219.1
Project("{FAE04EC0-301F-11D3-BF4B-00C04F79EFBC}") = "CalculatorApp", "CalculatorApp.csproj", "{B509F465-2C28-4509-8E97-309A8399E20C}"
EndProject
Global
	GlobalSection(SolutionConfigurationPlatforms) = preSolution
		Debug|Any CPU = Debug|Any CPU
		Release|Any CPU = Release|Any CPU
	EndGlobalSection
	GlobalSection(ProjectConfigurationPlatforms) = postSolution
		{B509F465-2C28-4509-8E97-309A8399E20C}.Debug|Any CPU.ActiveCfg = Debug|Any CPU
		{B509F465-2C28-4509-8E97-309A8399E20C}.Debug|Any CPU.Build.0 = Debug|Any CPU
		{B509F465-2C28-4509-8E97-309A8399E20C}.Release|Any CPU.ActiveCfg = Release|Any CPU
		{B509F465-2C28-4509-8E97-309A8399E20C}.Release|Any CPU.Build.0 = Release|Any CPU
	EndGlobalSection
	GlobalSection(SolutionProperties) = preSolution
		HideSolutionNode = FALSE
	EndGlobalSection
	GlobalSection(ExtensibilityGlobals) = postSolution
		SolutionGuid = {8B4DC6AB-1FBF-4CBB-9DC3-615AE3AE3456}
	EndGlobalSection
EndGlobal
